# generated by rye
# use `rye lock` or `rye sync` to update this lockfile
#
# last locked with the following flags:
#   pre: false
#   features: []
#   all-features: false
#   with-sources: false
#   generate-hashes: false
#   universal: false

-e file:.
aiohappyeyeballs==2.6.1
    # via aiohttp
aiohttp==3.12.15
    # via microsoft-kiota-authentication-azure
aiosignal==1.4.0
    # via aiohttp
annotated-types==0.7.0
    # via pydantic
anyio==4.10.0
    # via httpx
attrs==25.3.0
    # via aiohttp
azure-core==1.35.0
    # via azure-identity
    # via microsoft-kiota-authentication-azure
azure-identity==1.24.0
    # via cdf-bootcamp
    # via msgraph-sdk
beautifulsoup4==4.13.5
    # via bs4
bs4==0.0.2
    # via cdf-bootcamp
certifi==2025.8.3
    # via httpcore
    # via httpx
    # via requests
    # via sentry-sdk
cffi==1.17.1
    # via cryptography
charset-normalizer==3.4.3
    # via requests
click==8.2.1
    # via typer
cognite-sdk==7.83.1
    # via cognite-toolkit
cognite-toolkit==0.6.19
    # via cdf-bootcamp
cryptography==45.0.7
    # via azure-identity
    # via msal
    # via pyjwt
filelock==3.19.1
    # via cognite-toolkit
frozenlist==1.7.0
    # via aiohttp
    # via aiosignal
h11==0.16.0
    # via httpcore
h2==4.3.0
    # via httpx
hpack==4.1.0
    # via h2
html2text==2025.4.15
    # via cdf-bootcamp
httpcore==1.0.9
    # via httpx
httpx==0.28.1
    # via microsoft-kiota-http
    # via msgraph-core
hyperframe==6.1.0
    # via h2
idna==3.10
    # via anyio
    # via httpx
    # via requests
    # via yarl
importlib-metadata==8.7.0
    # via opentelemetry-api
markdown-it-py==4.0.0
    # via rich
mdurl==0.1.2
    # via markdown-it-py
microsoft-kiota-abstractions==1.9.6
    # via microsoft-kiota-authentication-azure
    # via microsoft-kiota-http
    # via microsoft-kiota-serialization-form
    # via microsoft-kiota-serialization-json
    # via microsoft-kiota-serialization-multipart
    # via microsoft-kiota-serialization-text
    # via msgraph-core
microsoft-kiota-authentication-azure==1.9.6
    # via msgraph-core
microsoft-kiota-http==1.9.6
    # via msgraph-core
microsoft-kiota-serialization-form==1.9.6
    # via msgraph-sdk
microsoft-kiota-serialization-json==1.9.6
    # via msgraph-sdk
microsoft-kiota-serialization-multipart==1.9.6
    # via msgraph-sdk
microsoft-kiota-serialization-text==1.9.6
    # via msgraph-sdk
mixpanel==4.11.1
    # via cognite-toolkit
msal==1.33.0
    # via azure-identity
    # via cognite-sdk
    # via msal-extensions
msal-extensions==1.3.1
    # via azure-identity
msgraph-core==1.3.5
    # via msgraph-sdk
msgraph-sdk==1.40.0
    # via cdf-bootcamp
multidict==6.6.4
    # via aiohttp
    # via yarl
numpy==2.3.2
    # via pandas
oauthlib==3.3.1
    # via requests-oauthlib
opentelemetry-api==1.36.0
    # via microsoft-kiota-abstractions
    # via microsoft-kiota-authentication-azure
    # via microsoft-kiota-http
    # via opentelemetry-sdk
    # via opentelemetry-semantic-conventions
opentelemetry-sdk==1.36.0
    # via microsoft-kiota-abstractions
    # via microsoft-kiota-authentication-azure
    # via microsoft-kiota-http
opentelemetry-semantic-conventions==0.57b0
    # via opentelemetry-sdk
packaging==25.0
    # via cognite-sdk
    # via cognite-toolkit
pandas==2.3.2
    # via cognite-toolkit
pip==25.2
    # via cognite-toolkit
prompt-toolkit==3.0.52
    # via questionary
propcache==0.3.2
    # via aiohttp
    # via yarl
protobuf==6.32.0
    # via cognite-sdk
pycparser==2.22
    # via cffi
pydantic==2.11.7
    # via cognite-toolkit
pydantic-core==2.33.2
    # via pydantic
pygments==2.19.2
    # via rich
pyjwt==2.10.1
    # via msal
python-dateutil==2.9.0.post0
    # via cognite-toolkit
    # via pandas
python-dotenv==1.1.1
    # via cognite-toolkit
pytz==2025.2
    # via pandas
pyyaml==6.0.2
    # via cognite-toolkit
questionary==2.1.1
    # via cognite-toolkit
requests==2.32.5
    # via azure-core
    # via cognite-sdk
    # via mixpanel
    # via msal
    # via requests-oauthlib
requests-oauthlib==1.3.1
    # via cognite-sdk
rich==14.1.0
    # via cognite-toolkit
    # via typer
sentry-sdk==2.37.0
    # via cognite-toolkit
shellingham==1.5.4
    # via typer
six==1.17.0
    # via azure-core
    # via python-dateutil
sniffio==1.3.1
    # via anyio
soupsieve==2.8
    # via beautifulsoup4
std-uritemplate==2.0.5
    # via microsoft-kiota-abstractions
toml==0.10.2
    # via cognite-toolkit
typer==0.17.4
    # via cognite-toolkit
typing-extensions==4.15.0
    # via aiosignal
    # via anyio
    # via azure-core
    # via azure-identity
    # via beautifulsoup4
    # via cognite-sdk
    # via cognite-toolkit
    # via opentelemetry-api
    # via opentelemetry-sdk
    # via opentelemetry-semantic-conventions
    # via pydantic
    # via pydantic-core
    # via typer
    # via typing-inspection
typing-inspection==0.4.1
    # via pydantic
tzdata==2025.2
    # via pandas
urllib3==2.5.0
    # via requests
    # via sentry-sdk
wcwidth==0.2.13
    # via prompt-toolkit
yarl==1.20.1
    # via aiohttp
zipp==3.23.0
    # via importlib-metadata
